{
    "_readme": [
        "This file locks the dependencies of your project to a known state",
        "Read more about it at http://getcomposer.org/doc/01-basic-usage.md#composer-lock-the-lock-file"
    ],
    "hash": "cb35dc6aee0b34a08cc9af745bf149c9",
    "packages": [
        {
            "name": "leafo/scssphp",
            "version": "v0.0.9",
            "source": {
                "type": "git",
                "url": "https://github.com/leafo/scssphp.git",
                "reference": "a06d702ebf9fabb22542bbb27cc12a905813bb6d"
            },
            "dist": {
                "type": "zip",
                "url": "https://api.github.com/repos/leafo/scssphp/zipball/a06d702ebf9fabb22542bbb27cc12a905813bb6d",
                "reference": "a06d702ebf9fabb22542bbb27cc12a905813bb6d",
                "shasum": ""
            },
            "require": {
                "php": ">=5.2.0"
            },
            "require-dev": {
                "php": ">=5.3.0",
                "phpunit/phpunit": "3.7.*"
            },
            "bin": [
                "pscss"
            ],
            "type": "library",
            "autoload": {
                "classmap": [
                    "scss.inc.php"
                ]
            },
            "notification-url": "https://packagist.org/downloads/",
            "license": [
                "MIT",
                "GPL-3.0"
            ],
            "authors": [
                {
                    "name": "Leaf Corcoran",
                    "email": "leafot@gmail.com",
                    "homepage": "http://leafo.net"
                }
            ],
            "description": "scssphp is a compiler for SCSS written in PHP.",
            "homepage": "http://leafo.net/scssphp/",
            "time": "2013-12-23 23:28:02"
        }
    ],
    "packages-dev": [

    ],
    "aliases": [

    ],
    "minimum-stability": "stable",
    "stability-flags": [

    ],
    "platform": [

    ],
    "platform-dev": [

    ]
}
